
Microsoft Visual Studio Solution File, Format Version 12.00
# Visual Studio Version 16
VisualStudioVersion = 16.0.31605.320
MinimumVisualStudioVersion = 10.0.40219.1
Project("{FAE04EC0-301F-11D3-BF4B-00C04F79EFBC}") = "Software_prueba", "Software_prueba.csproj", "{8688DA6D-FE5A-4D3F-B238-81907DD2CBCE}"
EndProject
Global
	GlobalSection(SolutionConfigurationPlatforms) = preSolution
		Debug|Any CPU = Debug|Any CPU
		Release|Any CPU = Release|Any CPU
	EndGlobalSection
	GlobalSection(ProjectConfigurationPlatforms) = postSolution
		{8688DA6D-FE5A-4D3F-B238-81907DD2CBCE}.Debug|Any CPU.ActiveCfg = Debug|Any CPU
		{8688DA6D-FE5A-4D3F-B238-81907DD2CBCE}.Debug|Any CPU.Build.0 = Debug|Any CPU
		{8688DA6D-FE5A-4D3F-B238-81907DD2CBCE}.Release|Any CPU.ActiveCfg = Release|Any CPU
		{8688DA6D-FE5A-4D3F-B238-81907DD2CBCE}.Release|Any CPU.Build.0 = Release|Any CPU
	EndGlobalSection
	GlobalSection(SolutionProperties) = preSolution
		HideSolutionNode = FALSE
	EndGlobalSection
	GlobalSection(ExtensibilityGlobals) = postSolution
		SolutionGuid = {BA293ACF-2614-4C79-AAFF-3FD4EDF861B3}
	EndGlobalSection
EndGlobal
